
Microsoft Visual Studio Solution File, Format Version 12.00
# Visual Studio Version 17
VisualStudioVersion = 17.4.33110.190
MinimumVisualStudioVersion = 10.0.40219.1
Project("{FAE04EC0-301F-11D3-BF4B-00C04F79EFBC}") = "Chapterturma9", "WebApplication1\Chapterturma9.csproj", "{48F7756A-A21C-462A-B86D-E7FE4219D1B9}"
EndProject
Global
	GlobalSection(SolutionConfigurationPlatforms) = preSolution
		Debug|Any CPU = Debug|Any CPU
		Release|Any CPU = Release|Any CPU
	EndGlobalSection
	GlobalSection(ProjectConfigurationPlatforms) = postSolution
		{48F7756A-A21C-462A-B86D-E7FE4219D1B9}.Debug|Any CPU.ActiveCfg = Debug|Any CPU
		{48F7756A-A21C-462A-B86D-E7FE4219D1B9}.Debug|Any CPU.Build.0 = Debug|Any CPU
		{48F7756A-A21C-462A-B86D-E7FE4219D1B9}.Release|Any CPU.ActiveCfg = Release|Any CPU
		{48F7756A-A21C-462A-B86D-E7FE4219D1B9}.Release|Any CPU.Build.0 = Release|Any CPU
	EndGlobalSection
	GlobalSection(SolutionProperties) = preSolution
		HideSolutionNode = FALSE
	EndGlobalSection
	GlobalSection(ExtensibilityGlobals) = postSolution
		SolutionGuid = {D98B92BD-190A-415C-8E25-7074ECCD1F2E}
	EndGlobalSection
EndGlobal
